
Microsoft Visual Studio Solution File, Format Version 11.00
# Visual Studio 2010
Project("{FAE04EC0-301F-11D3-BF4B-00C04F79EFBC}") = "Awesome dungeon", "Assembly-CSharp.csproj", "{BB31660A-523F-C0C7-2E56-F3519A78B8AA}"
EndProject
Global
	GlobalSection(SolutionConfigurationPlatforms) = preSolution
		Debug|Any CPU = Debug|Any CPU
		Release|Any CPU = Release|Any CPU
	EndGlobalSection
	GlobalSection(ProjectConfigurationPlatforms) = postSolution
		{BB31660A-523F-C0C7-2E56-F3519A78B8AA}.Debug|Any CPU.ActiveCfg = Debug|Any CPU
		{BB31660A-523F-C0C7-2E56-F3519A78B8AA}.Debug|Any CPU.Build.0 = Debug|Any CPU
		{BB31660A-523F-C0C7-2E56-F3519A78B8AA}.Release|Any CPU.ActiveCfg = Release|Any CPU
		{BB31660A-523F-C0C7-2E56-F3519A78B8AA}.Release|Any CPU.Build.0 = Release|Any CPU
	EndGlobalSection
	GlobalSection(SolutionProperties) = preSolution
		HideSolutionNode = FALSE
	EndGlobalSection
	GlobalSection(MonoDevelopProperties) = preSolution
		StartupItem = Assembly-CSharp.csproj
	EndGlobalSection
EndGlobal
